// !$*UTF8*$!
{
	archiveVersion = 1;
	classes = {
	};
	objectVersion = 55;
	objects = {

/* Begin PBXBuildFile section */
		023FA41A9C1FCA381AC37372 /* AppetizersApp.swift in Sources */ = {isa = PBXBuildFile; fileRef = 90C40BC4DF2E83DD73494CAA /* AppetizersApp.swift */; };
		0EEA8E30BA9C5D33D76B48CC /* EmptyState.swift in Sources */ = {isa = PBXBuildFile; fileRef = DBDFA17B59E1C9C220B08CE2 /* EmptyState.swift */; };
		0FE9DF9B136C00C44D38BF59 /* APButton.swift in Sources */ = {isa = PBXBuildFile; fileRef = A1D99A92CAC29CDF7F663A48 /* APButton.swift */; };
		1C581B56C0A72A620B4A663E /* String+Ext.swift in Sources */ = {isa = PBXBuildFile; fileRef = A531DAB103A7A43157504D7B /* String+Ext.swift */; };
		21049D494A6652293F76C391 /* LoadingView.swift in Sources */ = {isa = PBXBuildFile; fileRef = 6983787FBBCF8267604E5155 /* LoadingView.swift */; };
		25D7A6D4DE14ED8EB004FB20 /* Assets.xcassets in Resources */ = {isa = PBXBuildFile; fileRef = 3BFFF3D9A10E65850894DBB1 /* Assets.xcassets */; };
		2D8017E718623D226B22DB7E /* User.swift in Sources */ = {isa = PBXBuildFile; fileRef = B3AE4B714C9D3FED3B590E47 /* User.swift */; };
		2F3AC703234A07B3E541E438 /* AccountVM.swift in Sources */ = {isa = PBXBuildFile; fileRef = A0AFC22F4DB923409F4AD441 /* AccountVM.swift */; };
		47919FC8653188201796F594 /* TuistBundle+Appetizers.swift in Sources */ = {isa = PBXBuildFile; fileRef = 80A4B41FD02FC9E9A6F8468C /* TuistBundle+Appetizers.swift */; };
		4AC62AFBA3A5F826EF75F24D /* OrderView.swift in Sources */ = {isa = PBXBuildFile; fileRef = FD83EC97B0F0E0BC09205500 /* OrderView.swift */; };
		4E9CFD5C83BF67DC71161A4F /* AccountView.swift in Sources */ = {isa = PBXBuildFile; fileRef = A6F383ABB42034581F9F8E4E /* AccountView.swift */; };
		597E8CBEFF67FD091B85339E /* AppetizersListVM.swift in Sources */ = {isa = PBXBuildFile; fileRef = F2C65724846DC6BDCF27E709 /* AppetizersListVM.swift */; };
		75CC64FE3DC0551A90F3C1EC /* Preview Assets.xcassets in Resources */ = {isa = PBXBuildFile; fileRef = EE143A434870DA70D86F630A /* Preview Assets.xcassets */; };
		79B0CCA8B3F5B2DD34A6BFA9 /* ApetizerListCell.swift in Sources */ = {isa = PBXBuildFile; fileRef = 38A10B5F60C75F1B3E0B2EEC /* ApetizerListCell.swift */; };
		7EAA20A751969AC478571D8A /* Alert.swift in Sources */ = {isa = PBXBuildFile; fileRef = 3548BC6ED57508500CF62F82 /* Alert.swift */; };
		98BF35908AC9D6C89FE7967D /* RemoteImage.swift in Sources */ = {isa = PBXBuildFile; fileRef = 6F92737D60931128347C047C /* RemoteImage.swift */; };
		9E9A935BE2C71AF6EA73D060 /* NetworkManager.swift in Sources */ = {isa = PBXBuildFile; fileRef = 58A8F4AFF524D3497254DA5D /* NetworkManager.swift */; };
		A299E3D75DEA52791BEBDED6 /* AppetizersListView.swift in Sources */ = {isa = PBXBuildFile; fileRef = F09E9D4BC99C2FF3F10CE2EF /* AppetizersListView.swift */; };
		A6EF178B42BB136AD43B22EA /* AppetizerTabView.swift in Sources */ = {isa = PBXBuildFile; fileRef = 58AA5CB0AB8CC1688D7B1D6B /* AppetizerTabView.swift */; };
		CE7E8E79B54E186C9EAAFCF6 /* TuistAssets+Appetizers.swift in Sources */ = {isa = PBXBuildFile; fileRef = 32B1C87E4BB0B1F53567CFE0 /* TuistAssets+Appetizers.swift */; };
		D207C7FD49C329B751AF652B /* Appetizer.swift in Sources */ = {isa = PBXBuildFile; fileRef = 802CF14B549F0120D72F29B7 /* Appetizer.swift */; };
		DC1C6261325AD9C733284BC8 /* Color+Ext.swift in Sources */ = {isa = PBXBuildFile; fileRef = 89859DEF728B8CE93C7ACEAD /* Color+Ext.swift */; };
		DD62F964A02824091339A7AD /* Order.swift in Sources */ = {isa = PBXBuildFile; fileRef = 09C2E03F530A37F9F9CEAF5C /* Order.swift */; };
		E864920622C0197C99E186F4 /* XDismissButton.swift in Sources */ = {isa = PBXBuildFile; fileRef = 1297D7E90883DD26D51F5072 /* XDismissButton.swift */; };
		F163275E7CDF13EC7760CC2E /* AccountFormView.swift in Sources */ = {isa = PBXBuildFile; fileRef = DEF5A611DFD3CC13AA74722A /* AccountFormView.swift */; };
		F74164BE8A83CD54FD79D001 /* AppetizerDetailView.swift in Sources */ = {isa = PBXBuildFile; fileRef = 230D91FE924039516E6973F6 /* AppetizerDetailView.swift */; };
/* End PBXBuildFile section */

/* Begin PBXCopyFilesBuildPhase section */
		44620A1D59720812BBF52124 /* Embed Frameworks */ = {
			isa = PBXCopyFilesBuildPhase;
			buildActionMask = 2147483647;
			dstPath = "";
			dstSubfolderSpec = 10;
			files = (
			);
			name = "Embed Frameworks";
			runOnlyForDeploymentPostprocessing = 0;
		};
/* End PBXCopyFilesBuildPhase section */

/* Begin PBXFileReference section */
		09C2E03F530A37F9F9CEAF5C /* Order.swift */ = {isa = PBXFileReference; lastKnownFileType = sourcecode.swift; path = Order.swift; sourceTree = "<group>"; };
		1297D7E90883DD26D51F5072 /* XDismissButton.swift */ = {isa = PBXFileReference; lastKnownFileType = sourcecode.swift; path = XDismissButton.swift; sourceTree = "<group>"; };
		230D91FE924039516E6973F6 /* AppetizerDetailView.swift */ = {isa = PBXFileReference; lastKnownFileType = sourcecode.swift; path = AppetizerDetailView.swift; sourceTree = "<group>"; };
		32B1C87E4BB0B1F53567CFE0 /* TuistAssets+Appetizers.swift */ = {isa = PBXFileReference; lastKnownFileType = sourcecode.swift; path = "TuistAssets+Appetizers.swift"; sourceTree = "<group>"; };
		3548BC6ED57508500CF62F82 /* Alert.swift */ = {isa = PBXFileReference; lastKnownFileType = sourcecode.swift; path = Alert.swift; sourceTree = "<group>"; };
		38A10B5F60C75F1B3E0B2EEC /* ApetizerListCell.swift */ = {isa = PBXFileReference; lastKnownFileType = sourcecode.swift; path = ApetizerListCell.swift; sourceTree = "<group>"; };
		3BFFF3D9A10E65850894DBB1 /* Assets.xcassets */ = {isa = PBXFileReference; lastKnownFileType = folder.assetcatalog; path = Assets.xcassets; sourceTree = "<group>"; };
		58A8F4AFF524D3497254DA5D /* NetworkManager.swift */ = {isa = PBXFileReference; lastKnownFileType = sourcecode.swift; path = NetworkManager.swift; sourceTree = "<group>"; };
		58AA5CB0AB8CC1688D7B1D6B /* AppetizerTabView.swift */ = {isa = PBXFileReference; lastKnownFileType = sourcecode.swift; path = AppetizerTabView.swift; sourceTree = "<group>"; };
		6983787FBBCF8267604E5155 /* LoadingView.swift */ = {isa = PBXFileReference; lastKnownFileType = sourcecode.swift; path = LoadingView.swift; sourceTree = "<group>"; };
		6F92737D60931128347C047C /* RemoteImage.swift */ = {isa = PBXFileReference; lastKnownFileType = sourcecode.swift; path = RemoteImage.swift; sourceTree = "<group>"; };
		802CF14B549F0120D72F29B7 /* Appetizer.swift */ = {isa = PBXFileReference; lastKnownFileType = sourcecode.swift; path = Appetizer.swift; sourceTree = "<group>"; };
		80A4B41FD02FC9E9A6F8468C /* TuistBundle+Appetizers.swift */ = {isa = PBXFileReference; lastKnownFileType = sourcecode.swift; path = "TuistBundle+Appetizers.swift"; sourceTree = "<group>"; };
		89859DEF728B8CE93C7ACEAD /* Color+Ext.swift */ = {isa = PBXFileReference; lastKnownFileType = sourcecode.swift; path = "Color+Ext.swift"; sourceTree = "<group>"; };
		90C40BC4DF2E83DD73494CAA /* AppetizersApp.swift */ = {isa = PBXFileReference; lastKnownFileType = sourcecode.swift; path = AppetizersApp.swift; sourceTree = "<group>"; };
		A0AFC22F4DB923409F4AD441 /* AccountVM.swift */ = {isa = PBXFileReference; lastKnownFileType = sourcecode.swift; path = AccountVM.swift; sourceTree = "<group>"; };
		A1D99A92CAC29CDF7F663A48 /* APButton.swift */ = {isa = PBXFileReference; lastKnownFileType = sourcecode.swift; path = APButton.swift; sourceTree = "<group>"; };
		A531DAB103A7A43157504D7B /* String+Ext.swift */ = {isa = PBXFileReference; lastKnownFileType = sourcecode.swift; path = "String+Ext.swift"; sourceTree = "<group>"; };
		A6F383ABB42034581F9F8E4E /* AccountView.swift */ = {isa = PBXFileReference; lastKnownFileType = sourcecode.swift; path = AccountView.swift; sourceTree = "<group>"; };
		B3AE4B714C9D3FED3B590E47 /* User.swift */ = {isa = PBXFileReference; lastKnownFileType = sourcecode.swift; path = User.swift; sourceTree = "<group>"; };
		D8E68FAD0C90586CE86B3465 /* Appetizers.app */ = {isa = PBXFileReference; explicitFileType = wrapper.application; includeInIndex = 0; path = Appetizers.app; sourceTree = BUILT_PRODUCTS_DIR; };
		DBDFA17B59E1C9C220B08CE2 /* EmptyState.swift */ = {isa = PBXFileReference; lastKnownFileType = sourcecode.swift; path = EmptyState.swift; sourceTree = "<group>"; };
		DEF5A611DFD3CC13AA74722A /* AccountFormView.swift */ = {isa = PBXFileReference; lastKnownFileType = sourcecode.swift; path = AccountFormView.swift; sourceTree = "<group>"; };
		EE143A434870DA70D86F630A /* Preview Assets.xcassets */ = {isa = PBXFileReference; lastKnownFileType = folder.assetcatalog; path = "Preview Assets.xcassets"; sourceTree = "<group>"; };
		EFEE5962A82670CD61FDC2C4 /* Appetizers-Info.plist */ = {isa = PBXFileReference; lastKnownFileType = text.plist; path = "Appetizers-Info.plist"; sourceTree = "<group>"; };
		F09E9D4BC99C2FF3F10CE2EF /* AppetizersListView.swift */ = {isa = PBXFileReference; lastKnownFileType = sourcecode.swift; path = AppetizersListView.swift; sourceTree = "<group>"; };
		F2C65724846DC6BDCF27E709 /* AppetizersListVM.swift */ = {isa = PBXFileReference; lastKnownFileType = sourcecode.swift; path = AppetizersListVM.swift; sourceTree = "<group>"; };
		FD83EC97B0F0E0BC09205500 /* OrderView.swift */ = {isa = PBXFileReference; lastKnownFileType = sourcecode.swift; path = OrderView.swift; sourceTree = "<group>"; };
/* End PBXFileReference section */

/* Begin PBXFrameworksBuildPhase section */
		F46C208F4C9DBF210E096033 /* Frameworks */ = {
			isa = PBXFrameworksBuildPhase;
			buildActionMask = 2147483647;
			files = (
			);
			runOnlyForDeploymentPostprocessing = 0;
		};
/* End PBXFrameworksBuildPhase section */

/* Begin PBXGroup section */
		0CD0B96DFA5374146862BD0A /* Preview Content */ = {
			isa = PBXGroup;
			children = (
				EE143A434870DA70D86F630A /* Preview Assets.xcassets */,
			);
			path = "Preview Content";
			sourceTree = "<group>";
		};
		153D6AAACA0BB3CFBB20342A /* AccountView */ = {
			isa = PBXGroup;
			children = (
				DEF5A611DFD3CC13AA74722A /* AccountFormView.swift */,
				A6F383ABB42034581F9F8E4E /* AccountView.swift */,
				A0AFC22F4DB923409F4AD441 /* AccountVM.swift */,
			);
			path = AccountView;
			sourceTree = "<group>";
		};
		1A4390A96D7A6893AF3B0A6D /* Buttons */ = {
			isa = PBXGroup;
			children = (
				A1D99A92CAC29CDF7F663A48 /* APButton.swift */,
				1297D7E90883DD26D51F5072 /* XDismissButton.swift */,
			);
			path = Buttons;
			sourceTree = "<group>";
		};
		1D47F7899425AC17D040CE53 = {
			isa = PBXGroup;
			children = (
				919D6506D058C9DA98338881 /* Project */,
				803F3E1040160D6B6DCF52A9 /* Compiled */,
				88DFFF40A8D2939B6C1D9C99 /* Products */,
			);
			sourceTree = "<group>";
		};
		253EABF79496DABA0410474B /* UIKit Components */ = {
			isa = PBXGroup;
			children = (
				6983787FBBCF8267604E5155 /* LoadingView.swift */,
			);
			path = "UIKit Components";
			sourceTree = "<group>";
		};
		2A59FE71794650FCD9DC6FCD /* AppetizerListView */ = {
			isa = PBXGroup;
			children = (
				230D91FE924039516E6973F6 /* AppetizerDetailView.swift */,
				F09E9D4BC99C2FF3F10CE2EF /* AppetizersListView.swift */,
				F2C65724846DC6BDCF27E709 /* AppetizersListVM.swift */,
			);
			path = AppetizerListView;
			sourceTree = "<group>";
		};
		2E982C48877C627012CE9587 /* Extensions */ = {
			isa = PBXGroup;
			children = (
				89859DEF728B8CE93C7ACEAD /* Color+Ext.swift */,
				A531DAB103A7A43157504D7B /* String+Ext.swift */,
			);
			path = Extensions;
			sourceTree = "<group>";
		};
		41ED56CDF510C432A5B0661C /* alerts */ = {
			isa = PBXGroup;
			children = (
				3548BC6ED57508500CF62F82 /* Alert.swift */,
			);
			path = alerts;
			sourceTree = "<group>";
		};
		4626F0DD28BCB7F8792D9C29 /* Empty States */ = {
			isa = PBXGroup;
			children = (
				DBDFA17B59E1C9C220B08CE2 /* EmptyState.swift */,
			);
			path = "Empty States";
			sourceTree = "<group>";
		};
		4AA0ADCEB5AD13ECF803BE9A /* InfoPlists */ = {
			isa = PBXGroup;
			children = (
				EFEE5962A82670CD61FDC2C4 /* Appetizers-Info.plist */,
			);
			path = InfoPlists;
			sourceTree = "<group>";
		};
		526CFEDB4E601A9D0E74F456 /* Model */ = {
			isa = PBXGroup;
			children = (
				802CF14B549F0120D72F29B7 /* Appetizer.swift */,
				09C2E03F530A37F9F9CEAF5C /* Order.swift */,
				B3AE4B714C9D3FED3B590E47 /* User.swift */,
			);
			path = Model;
			sourceTree = "<group>";
		};
		5B0C27CC7DB4019FA0EE5F17 /* Views */ = {
			isa = PBXGroup;
			children = (
				1A4390A96D7A6893AF3B0A6D /* Buttons */,
				AA44B03D80C9E2DFC2D8B3B6 /* Cells */,
				4626F0DD28BCB7F8792D9C29 /* Empty States */,
				BDDF4CC4A8F79C1A908ED74B /* Image */,
				253EABF79496DABA0410474B /* UIKit Components */,
			);
			path = Views;
			sourceTree = "<group>";
		};
		6214253E6A83E93BA110BA85 /* Derived */ = {
			isa = PBXGroup;
			children = (
				4AA0ADCEB5AD13ECF803BE9A /* InfoPlists */,
				7F4C04B92A8A457FEB539532 /* Sources */,
			);
			path = Derived;
			sourceTree = "<group>";
		};
		7F4C04B92A8A457FEB539532 /* Sources */ = {
			isa = PBXGroup;
			children = (
				32B1C87E4BB0B1F53567CFE0 /* TuistAssets+Appetizers.swift */,
				80A4B41FD02FC9E9A6F8468C /* TuistBundle+Appetizers.swift */,
			);
			path = Sources;
			sourceTree = "<group>";
		};
		803F3E1040160D6B6DCF52A9 /* Compiled */ = {
			isa = PBXGroup;
			children = (
			);
			name = Compiled;
			sourceTree = "<group>";
		};
		88DFFF40A8D2939B6C1D9C99 /* Products */ = {
			isa = PBXGroup;
			children = (
				D8E68FAD0C90586CE86B3465 /* Appetizers.app */,
			);
			name = Products;
			sourceTree = "<group>";
		};
		8D894412DC86AB3934CF0B88 /* Screens */ = {
			isa = PBXGroup;
			children = (
				153D6AAACA0BB3CFBB20342A /* AccountView */,
				2A59FE71794650FCD9DC6FCD /* AppetizerListView */,
				A4BAE96FCE632FF61022FFE1 /* OrderView */,
				58AA5CB0AB8CC1688D7B1D6B /* AppetizerTabView.swift */,
			);
			path = Screens;
			sourceTree = "<group>";
		};
		919D6506D058C9DA98338881 /* Project */ = {
			isa = PBXGroup;
			children = (
				A8832844A417F4892686611E /* Appetizers */,
				6214253E6A83E93BA110BA85 /* Derived */,
			);
			name = Project;
			sourceTree = "<group>";
		};
		9CFE1472EB2F1F7820ACFAF1 /* Utilities */ = {
			isa = PBXGroup;
			children = (
				41ED56CDF510C432A5B0661C /* alerts */,
				2E982C48877C627012CE9587 /* Extensions */,
				CF292E926F9D5FABF24C1435 /* Managers */,
			);
			path = Utilities;
			sourceTree = "<group>";
		};
		A4BAE96FCE632FF61022FFE1 /* OrderView */ = {
			isa = PBXGroup;
			children = (
				FD83EC97B0F0E0BC09205500 /* OrderView.swift */,
			);
			path = OrderView;
			sourceTree = "<group>";
		};
		A8832844A417F4892686611E /* Appetizers */ = {
			isa = PBXGroup;
			children = (
				526CFEDB4E601A9D0E74F456 /* Model */,
				0CD0B96DFA5374146862BD0A /* Preview Content */,
				8D894412DC86AB3934CF0B88 /* Screens */,
				9CFE1472EB2F1F7820ACFAF1 /* Utilities */,
				5B0C27CC7DB4019FA0EE5F17 /* Views */,
				90C40BC4DF2E83DD73494CAA /* AppetizersApp.swift */,
				3BFFF3D9A10E65850894DBB1 /* Assets.xcassets */,
			);
			path = Appetizers;
			sourceTree = "<group>";
		};
		AA44B03D80C9E2DFC2D8B3B6 /* Cells */ = {
			isa = PBXGroup;
			children = (
				38A10B5F60C75F1B3E0B2EEC /* ApetizerListCell.swift */,
			);
			path = Cells;
			sourceTree = "<group>";
		};
		BDDF4CC4A8F79C1A908ED74B /* Image */ = {
			isa = PBXGroup;
			children = (
				6F92737D60931128347C047C /* RemoteImage.swift */,
			);
			path = Image;
			sourceTree = "<group>";
		};
		CF292E926F9D5FABF24C1435 /* Managers */ = {
			isa = PBXGroup;
			children = (
				58A8F4AFF524D3497254DA5D /* NetworkManager.swift */,
			);
			path = Managers;
			sourceTree = "<group>";
		};
/* End PBXGroup section */

/* Begin PBXNativeTarget section */
		63D280EB1F7F89BBC1EA1936 /* Appetizers */ = {
			isa = PBXNativeTarget;
			buildConfigurationList = 8E487586A3D3CA6A69AC50FE /* Build configuration list for PBXNativeTarget "Appetizers" */;
			buildPhases = (
				F2351D63FDF140E4B3F70F8B /* Sources */,
				545E1B9681EA62DC1811490F /* Resources */,
				44620A1D59720812BBF52124 /* Embed Frameworks */,
				F46C208F4C9DBF210E096033 /* Frameworks */,
			);
			buildRules = (
			);
			dependencies = (
			);
			name = Appetizers;
			productName = Appetizers;
			productReference = D8E68FAD0C90586CE86B3465 /* Appetizers.app */;
			productType = "com.apple.product-type.application";
		};
/* End PBXNativeTarget section */

/* Begin PBXProject section */
		BCEEB9885AAC7C765B311C14 /* Project object */ = {
			isa = PBXProject;
			attributes = {
				BuildIndependentTargetsInParallel = YES;
				ORGANIZATIONNAME = YourCompany;
				TargetAttributes = {
				};
			};
			buildConfigurationList = F7C8520DB65A0C267E0BC0AD /* Build configuration list for PBXProject "Appetizers" */;
			compatibilityVersion = "Xcode 14.0";
			developmentRegion = en;
			hasScannedForEncodings = 0;
			knownRegions = (
				Base,
				en,
			);
			mainGroup = 1D47F7899425AC17D040CE53;
			productRefGroup = 88DFFF40A8D2939B6C1D9C99 /* Products */;
			projectDirPath = "";
			projectRoot = "";
			targets = (
				63D280EB1F7F89BBC1EA1936 /* Appetizers */,
			);
		};
/* End PBXProject section */

/* Begin PBXResourcesBuildPhase section */
		545E1B9681EA62DC1811490F /* Resources */ = {
			isa = PBXResourcesBuildPhase;
			buildActionMask = 2147483647;
			files = (
				25D7A6D4DE14ED8EB004FB20 /* Assets.xcassets in Resources */,
				75CC64FE3DC0551A90F3C1EC /* Preview Assets.xcassets in Resources */,
			);
			runOnlyForDeploymentPostprocessing = 0;
		};
/* End PBXResourcesBuildPhase section */

/* Begin PBXSourcesBuildPhase section */
		F2351D63FDF140E4B3F70F8B /* Sources */ = {
			isa = PBXSourcesBuildPhase;
			buildActionMask = 2147483647;
			files = (
				023FA41A9C1FCA381AC37372 /* AppetizersApp.swift in Sources */,
				D207C7FD49C329B751AF652B /* Appetizer.swift in Sources */,
				DD62F964A02824091339A7AD /* Order.swift in Sources */,
				2D8017E718623D226B22DB7E /* User.swift in Sources */,
				F163275E7CDF13EC7760CC2E /* AccountFormView.swift in Sources */,
				2F3AC703234A07B3E541E438 /* AccountVM.swift in Sources */,
				4E9CFD5C83BF67DC71161A4F /* AccountView.swift in Sources */,
				F74164BE8A83CD54FD79D001 /* AppetizerDetailView.swift in Sources */,
				597E8CBEFF67FD091B85339E /* AppetizersListVM.swift in Sources */,
				A299E3D75DEA52791BEBDED6 /* AppetizersListView.swift in Sources */,
				A6EF178B42BB136AD43B22EA /* AppetizerTabView.swift in Sources */,
				4AC62AFBA3A5F826EF75F24D /* OrderView.swift in Sources */,
				DC1C6261325AD9C733284BC8 /* Color+Ext.swift in Sources */,
				1C581B56C0A72A620B4A663E /* String+Ext.swift in Sources */,
				9E9A935BE2C71AF6EA73D060 /* NetworkManager.swift in Sources */,
				7EAA20A751969AC478571D8A /* Alert.swift in Sources */,
				0FE9DF9B136C00C44D38BF59 /* APButton.swift in Sources */,
				E864920622C0197C99E186F4 /* XDismissButton.swift in Sources */,
				79B0CCA8B3F5B2DD34A6BFA9 /* ApetizerListCell.swift in Sources */,
				0EEA8E30BA9C5D33D76B48CC /* EmptyState.swift in Sources */,
				98BF35908AC9D6C89FE7967D /* RemoteImage.swift in Sources */,
				21049D494A6652293F76C391 /* LoadingView.swift in Sources */,
				CE7E8E79B54E186C9EAAFCF6 /* TuistAssets+Appetizers.swift in Sources */,
				47919FC8653188201796F594 /* TuistBundle+Appetizers.swift in Sources */,
			);
			runOnlyForDeploymentPostprocessing = 0;
		};
/* End PBXSourcesBuildPhase section */

/* Begin XCBuildConfiguration section */
		696564DC1841E9F9612383B2 /* Debug */ = {
			isa = XCBuildConfiguration;
			buildSettings = {
				ALWAYS_SEARCH_USER_PATHS = NO;
				CLANG_ANALYZER_LOCALIZABILITY_NONLOCALIZED = YES;
				CLANG_ANALYZER_NONNULL = YES;
				CLANG_ANALYZER_NUMBER_OBJECT_CONVERSION = YES_AGGRESSIVE;
				CLANG_CXX_LANGUAGE_STANDARD = "gnu++14";
				CLANG_CXX_LIBRARY = "libc++";
				CLANG_ENABLE_MODULES = YES;
				CLANG_ENABLE_OBJC_ARC = YES;
				CLANG_ENABLE_OBJC_WEAK = YES;
				CLANG_WARN_BLOCK_CAPTURE_AUTORELEASING = YES;
				CLANG_WARN_BOOL_CONVERSION = YES;
				CLANG_WARN_COMMA = YES;
				CLANG_WARN_CONSTANT_CONVERSION = YES;
				CLANG_WARN_DEPRECATED_OBJC_IMPLEMENTATIONS = YES;
				CLANG_WARN_DIRECT_OBJC_ISA_USAGE = YES_ERROR;
				CLANG_WARN_DOCUMENTATION_COMMENTS = YES;
				CLANG_WARN_EMPTY_BODY = YES;
				CLANG_WARN_ENUM_CONVERSION = YES;
				CLANG_WARN_INFINITE_RECURSION = YES;
				CLANG_WARN_INT_CONVERSION = YES;
				CLANG_WARN_NON_LITERAL_NULL_CONVERSION = YES;
				CLANG_WARN_OBJC_IMPLICIT_RETAIN_SELF = YES;
				CLANG_WARN_OBJC_LITERAL_CONVERSION = YES;
				CLANG_WARN_OBJC_ROOT_CLASS = YES_ERROR;
				CLANG_WARN_QUOTED_INCLUDE_IN_FRAMEWORK_HEADER = YES;
				CLANG_WARN_RANGE_LOOP_ANALYSIS = YES;
				CLANG_WARN_STRICT_PROTOTYPES = YES;
				CLANG_WARN_SUSPICIOUS_MOVE = YES;
				CLANG_WARN_UNGUARDED_AVAILABILITY = YES_AGGRESSIVE;
				CLANG_WARN_UNREACHABLE_CODE = YES;
				CLANG_WARN__DUPLICATE_METHOD_MATCH = YES;
				COPY_PHASE_STRIP = NO;
				DEAD_CODE_STRIPPING = YES;
				DEBUG_INFORMATION_FORMAT = dwarf;
				ENABLE_STRICT_OBJC_MSGSEND = YES;
				ENABLE_TESTABILITY = YES;
				GCC_C_LANGUAGE_STANDARD = gnu11;
				GCC_DYNAMIC_NO_PIC = NO;
				GCC_NO_COMMON_BLOCKS = YES;
				GCC_OPTIMIZATION_LEVEL = 0;
				GCC_PREPROCESSOR_DEFINITIONS = (
					"DEBUG=1",
					"$(inherited)",
				);
				GCC_WARN_64_TO_32_BIT_CONVERSION = YES;
				GCC_WARN_ABOUT_RETURN_TYPE = YES_ERROR;
				GCC_WARN_UNDECLARED_SELECTOR = YES;
				GCC_WARN_UNINITIALIZED_AUTOS = YES_AGGRESSIVE;
				GCC_WARN_UNUSED_FUNCTION = YES;
				GCC_WARN_UNUSED_VARIABLE = YES;
				MTL_ENABLE_DEBUG_INFO = YES;
				ONLY_ACTIVE_ARCH = YES;
				PRODUCT_NAME = "$(TARGET_NAME)";
			};
			name = Debug;
		};
		898206B3B8538F30E55A8BB2 /* Release */ = {
			isa = XCBuildConfiguration;
			buildSettings = {
				ALWAYS_SEARCH_USER_PATHS = NO;
				CLANG_ANALYZER_LOCALIZABILITY_NONLOCALIZED = YES;
				CLANG_ANALYZER_NONNULL = YES;
				CLANG_ANALYZER_NUMBER_OBJECT_CONVERSION = YES_AGGRESSIVE;
				CLANG_CXX_LANGUAGE_STANDARD = "gnu++14";
				CLANG_CXX_LIBRARY = "libc++";
				CLANG_ENABLE_MODULES = YES;
				CLANG_ENABLE_OBJC_ARC = YES;
				CLANG_ENABLE_OBJC_WEAK = YES;
				CLANG_WARN_BLOCK_CAPTURE_AUTORELEASING = YES;
				CLANG_WARN_BOOL_CONVERSION = YES;
				CLANG_WARN_COMMA = YES;
				CLANG_WARN_CONSTANT_CONVERSION = YES;
				CLANG_WARN_DEPRECATED_OBJC_IMPLEMENTATIONS = YES;
				CLANG_WARN_DIRECT_OBJC_ISA_USAGE = YES_ERROR;
				CLANG_WARN_DOCUMENTATION_COMMENTS = YES;
				CLANG_WARN_EMPTY_BODY = YES;
				CLANG_WARN_ENUM_CONVERSION = YES;
				CLANG_WARN_INFINITE_RECURSION = YES;
				CLANG_WARN_INT_CONVERSION = YES;
				CLANG_WARN_NON_LITERAL_NULL_CONVERSION = YES;
				CLANG_WARN_OBJC_IMPLICIT_RETAIN_SELF = YES;
				CLANG_WARN_OBJC_LITERAL_CONVERSION = YES;
				CLANG_WARN_OBJC_ROOT_CLASS = YES_ERROR;
				CLANG_WARN_QUOTED_INCLUDE_IN_FRAMEWORK_HEADER = YES;
				CLANG_WARN_RANGE_LOOP_ANALYSIS = YES;
				CLANG_WARN_STRICT_PROTOTYPES = YES;
				CLANG_WARN_SUSPICIOUS_MOVE = YES;
				CLANG_WARN_UNGUARDED_AVAILABILITY = YES_AGGRESSIVE;
				CLANG_WARN_UNREACHABLE_CODE = YES;
				CLANG_WARN__DUPLICATE_METHOD_MATCH = YES;
				COPY_PHASE_STRIP = NO;
				DEAD_CODE_STRIPPING = YES;
				DEBUG_INFORMATION_FORMAT = "dwarf-with-dsym";
				ENABLE_NS_ASSERTIONS = NO;
				ENABLE_STRICT_OBJC_MSGSEND = YES;
				GCC_C_LANGUAGE_STANDARD = gnu11;
				GCC_NO_COMMON_BLOCKS = YES;
				GCC_WARN_64_TO_32_BIT_CONVERSION = YES;
				GCC_WARN_ABOUT_RETURN_TYPE = YES_ERROR;
				GCC_WARN_UNDECLARED_SELECTOR = YES;
				GCC_WARN_UNINITIALIZED_AUTOS = YES_AGGRESSIVE;
				GCC_WARN_UNUSED_FUNCTION = YES;
				GCC_WARN_UNUSED_VARIABLE = YES;
				MTL_ENABLE_DEBUG_INFO = NO;
				PRODUCT_NAME = "$(TARGET_NAME)";
				VALIDATE_PRODUCT = YES;
			};
			name = Release;
		};
		A6F5E9F7B15CCDF2C4EE0823 /* Debug */ = {
			isa = XCBuildConfiguration;
			buildSettings = {
				ASSETCATALOG_COMPILER_APPICON_NAME = AppIcon;
				CODE_SIGN_IDENTITY = "iPhone Developer";
				ENABLE_PREVIEWS = YES;
				INFOPLIST_FILE = "Derived/InfoPlists/Appetizers-Info.plist";
				LD_RUNPATH_SEARCH_PATHS = (
					"$(inherited)",
					"@executable_path/Frameworks",
				);
				PRODUCT_BUNDLE_IDENTIFIER = com.yourcompany.Appetizers;
				PRODUCT_NAME = Appetizers;
				SDKROOT = iphoneos;
				SUPPORTS_MACCATALYST = NO;
				SUPPORTS_MAC_DESIGNED_FOR_IPHONE_IPAD = YES;
				SUPPORTS_XR_DESIGNED_FOR_IPHONE_IPAD = NO;
				SWIFT_ACTIVE_COMPILATION_CONDITIONS = DEBUG;
				SWIFT_COMPILATION_MODE = singlefile;
				SWIFT_OPTIMIZATION_LEVEL = "-Onone";
				SWIFT_VERSION = 5.0;
				TARGETED_DEVICE_FAMILY = "1,2";
			};
			name = Debug;
		};
		E702C188D4D9B469D21663FB /* Release */ = {
			isa = XCBuildConfiguration;
			buildSettings = {
				ASSETCATALOG_COMPILER_APPICON_NAME = AppIcon;
				CODE_SIGN_IDENTITY = "iPhone Developer";
				ENABLE_PREVIEWS = YES;
				INFOPLIST_FILE = "Derived/InfoPlists/Appetizers-Info.plist";
				LD_RUNPATH_SEARCH_PATHS = (
					"$(inherited)",
					"@executable_path/Frameworks",
				);
				PRODUCT_BUNDLE_IDENTIFIER = com.yourcompany.Appetizers;
				PRODUCT_NAME = Appetizers;
				SDKROOT = iphoneos;
				SUPPORTS_MACCATALYST = NO;
				SUPPORTS_MAC_DESIGNED_FOR_IPHONE_IPAD = YES;
				SUPPORTS_XR_DESIGNED_FOR_IPHONE_IPAD = NO;
				SWIFT_COMPILATION_MODE = wholemodule;
				SWIFT_OPTIMIZATION_LEVEL = "-Owholemodule";
				SWIFT_VERSION = 5.0;
				TARGETED_DEVICE_FAMILY = "1,2";
			};
			name = Release;
		};
/* End XCBuildConfiguration section */

/* Begin XCConfigurationList section */
		8E487586A3D3CA6A69AC50FE /* Build configuration list for PBXNativeTarget "Appetizers" */ = {
			isa = XCConfigurationList;
			buildConfigurations = (
				A6F5E9F7B15CCDF2C4EE0823 /* Debug */,
				E702C188D4D9B469D21663FB /* Release */,
			);
			defaultConfigurationIsVisible = 0;
			defaultConfigurationName = Release;
		};
		F7C8520DB65A0C267E0BC0AD /* Build configuration list for PBXProject "Appetizers" */ = {
			isa = XCConfigurationList;
			buildConfigurations = (
				696564DC1841E9F9612383B2 /* Debug */,
				898206B3B8538F30E55A8BB2 /* Release */,
			);
			defaultConfigurationIsVisible = 0;
			defaultConfigurationName = Release;
		};
/* End XCConfigurationList section */
	};
	rootObject = BCEEB9885AAC7C765B311C14 /* Project object */;
}
